
Microsoft Visual Studio Solution File, Format Version 12.00
# Visual Studio Version 16
VisualStudioVersion = 16.0.29424.173
MinimumVisualStudioVersion = 10.0.40219.1
Project("{FAE04EC0-301F-11D3-BF4B-00C04F79EFBC}") = "FrutasJaBack", "FrutasJaBack\FrutasJaBack.csproj", "{7A957828-4E0A-49E1-9FB2-381ED6EE0E2B}"
EndProject
Global
	GlobalSection(SolutionConfigurationPlatforms) = preSolution
		Debug|Any CPU = Debug|Any CPU
		Release|Any CPU = Release|Any CPU
	EndGlobalSection
	GlobalSection(ProjectConfigurationPlatforms) = postSolution
		{7A957828-4E0A-49E1-9FB2-381ED6EE0E2B}.Debug|Any CPU.ActiveCfg = Debug|Any CPU
		{7A957828-4E0A-49E1-9FB2-381ED6EE0E2B}.Debug|Any CPU.Build.0 = Debug|Any CPU
		{7A957828-4E0A-49E1-9FB2-381ED6EE0E2B}.Release|Any CPU.ActiveCfg = Release|Any CPU
		{7A957828-4E0A-49E1-9FB2-381ED6EE0E2B}.Release|Any CPU.Build.0 = Release|Any CPU
	EndGlobalSection
	GlobalSection(SolutionProperties) = preSolution
		HideSolutionNode = FALSE
	EndGlobalSection
	GlobalSection(ExtensibilityGlobals) = postSolution
		SolutionGuid = {2080BBE3-F9F7-4A8C-BAC1-280EBDA0DD7B}
	EndGlobalSection
EndGlobal
